lockfileVersion: '9.0'

settings:
  autoInstallPeers: true
  excludeLinksFromLockfile: false

importers:

  .:
    devDependencies:
      '@redocly/cli':
        specifier: ^2.57.0
        version: 2.57.0
      prettier:
        specifier: ^3.9.9
        version: 3.9.9
      yaml:
        specifier: ^2.9.1
        version: 2.9.1

packages:

  '@redocly/cli@2.57.0':
    resolution: {integrity: sha512-1d5fVyUaYlMNgCHUoyE2vUyxBhs/jmOHgsX/kFmfWzESw4f/G/OV/SU9E55rU7aUNmw9rHj1vXmL6yUdIn+KKQ==}
    engines: {node: '>=22.12.0 || >=20.19.0 <21.0.0', npm: '>=10'}
    hasBin: true

  prettier@3.9.9:
    resolution: {integrity: sha512-Z/CJHIkdujO/OtN7nXUii0Rf3VT5SRuhjBA82Xvu2XhBUgX3nhP67T0LHceBdQLex7OOFGTox+Q5Yg8Jk2Qivg==}
    engines: {node: '>=14'}
    hasBin: true

  yaml@2.9.1:
    resolution: {integrity: sha512-3NxN8+78OdzbT7C/WjGsyfPAtJaN3FNDsWxv7Y7mcDsT/oOmgW8BpyQQFFBnvZE3j9Y2Sdz1ULFLezL7Eb2yFw==}
    engines: {node: '>= 14.6'}
    hasBin: true

snapshots:

  '@redocly/cli@2.57.0': {}

  prettier@3.9.9: {}

  yaml@2.9.1: {}
